
Microsoft Visual Studio Solution File, Format Version 12.00
# Visual Studio 2012
Project("{FAE04EC0-301F-11D3-BF4B-00C04F79EFBC}") = "LuckyDraw", "LuckyDraw\LuckyDraw.csproj", "{887430A5-90F4-481B-8142-E5BA4449798A}"
EndProject
Global
	GlobalSection(SolutionConfigurationPlatforms) = preSolution
		Debug|Any CPU = Debug|Any CPU
		Release|Any CPU = Release|Any CPU
	EndGlobalSection
	GlobalSection(ProjectConfigurationPlatforms) = postSolution
		{887430A5-90F4-481B-8142-E5BA4449798A}.Debug|Any CPU.ActiveCfg = Debug|Any CPU
		{887430A5-90F4-481B-8142-E5BA4449798A}.Debug|Any CPU.Build.0 = Debug|Any CPU
		{887430A5-90F4-481B-8142-E5BA4449798A}.Release|Any CPU.ActiveCfg = Release|Any CPU
		{887430A5-90F4-481B-8142-E5BA4449798A}.Release|Any CPU.Build.0 = Release|Any CPU
	EndGlobalSection
	GlobalSection(SolutionProperties) = preSolution
		HideSolutionNode = FALSE
	EndGlobalSection
EndGlobal
